
Microsoft Visual Studio Solution File, Format Version 12.00
# Visual Studio Version 17
VisualStudioVersion = 17.9.34616.47
MinimumVisualStudioVersion = 10.0.40219.1
Project("{9A19103F-16F7-4668-BE54-9A1E7A4F7556}") = "TicTacToeGame.SysTray", "TTT\TicTacToeGame.SysTray.csproj", "{846F66FD-DBA1-425B-B147-ADC927CBD30C}"
EndProject
Project("{2150E333-8FDC-42A3-9474-1A3956D46DE8}") = "Solution Items", "Solution Items", "{8F7C283B-9372-4874-87EF-2112E90695A4}"
	ProjectSection(SolutionItems) = preProject
		.editorconfig = .editorconfig
		.gitignore = .gitignore
		pack3x3.nuspec = pack3x3.nuspec
		pack4x4.nuspec = pack4x4.nuspec
		.github\workflows\publish.yml = .github\workflows\publish.yml
		README.md = README.md
	EndProjectSection
EndProject
Project("{9A19103F-16F7-4668-BE54-9A1E7A4F7556}") = "TicTacToeGame.3x3.Service", "TicTacToeGame.3x3\TicTacToeGame.3x3.Service.csproj", "{CBF16BD7-BA6D-45B3-8113-F23BD1028D73}"
EndProject
Project("{9A19103F-16F7-4668-BE54-9A1E7A4F7556}") = "TicTacToeGame.4x4.Service", "TicTacToeGame.4x4\TicTacToeGame.4x4.Service.csproj", "{50222080-7A41-4AF9-9422-6803F3ADF470}"
EndProject
Project("{9A19103F-16F7-4668-BE54-9A1E7A4F7556}") = "TicTacToeGame.Forms", "TTTControlLibrary\TicTacToeGame.Forms.csproj", "{0EB517EC-C95D-49DA-8AA1-D89B9CBE8B01}"
EndProject
Global
	GlobalSection(SolutionConfigurationPlatforms) = preSolution
		Debug|Any CPU = Debug|Any CPU
		Release|Any CPU = Release|Any CPU
	EndGlobalSection
	GlobalSection(ProjectConfigurationPlatforms) = postSolution
		{846F66FD-DBA1-425B-B147-ADC927CBD30C}.Debug|Any CPU.ActiveCfg = Debug|Any CPU
		{846F66FD-DBA1-425B-B147-ADC927CBD30C}.Debug|Any CPU.Build.0 = Debug|Any CPU
		{846F66FD-DBA1-425B-B147-ADC927CBD30C}.Release|Any CPU.ActiveCfg = Release|Any CPU
		{846F66FD-DBA1-425B-B147-ADC927CBD30C}.Release|Any CPU.Build.0 = Release|Any CPU
		{CBF16BD7-BA6D-45B3-8113-F23BD1028D73}.Debug|Any CPU.ActiveCfg = Debug|Any CPU
		{CBF16BD7-BA6D-45B3-8113-F23BD1028D73}.Debug|Any CPU.Build.0 = Debug|Any CPU
		{CBF16BD7-BA6D-45B3-8113-F23BD1028D73}.Release|Any CPU.ActiveCfg = Release|Any CPU
		{CBF16BD7-BA6D-45B3-8113-F23BD1028D73}.Release|Any CPU.Build.0 = Release|Any CPU
		{50222080-7A41-4AF9-9422-6803F3ADF470}.Debug|Any CPU.ActiveCfg = Debug|Any CPU
		{50222080-7A41-4AF9-9422-6803F3ADF470}.Debug|Any CPU.Build.0 = Debug|Any CPU
		{50222080-7A41-4AF9-9422-6803F3ADF470}.Release|Any CPU.ActiveCfg = Release|Any CPU
		{50222080-7A41-4AF9-9422-6803F3ADF470}.Release|Any CPU.Build.0 = Release|Any CPU
		{0EB517EC-C95D-49DA-8AA1-D89B9CBE8B01}.Debug|Any CPU.ActiveCfg = Debug|Any CPU
		{0EB517EC-C95D-49DA-8AA1-D89B9CBE8B01}.Debug|Any CPU.Build.0 = Debug|Any CPU
		{0EB517EC-C95D-49DA-8AA1-D89B9CBE8B01}.Release|Any CPU.ActiveCfg = Release|Any CPU
		{0EB517EC-C95D-49DA-8AA1-D89B9CBE8B01}.Release|Any CPU.Build.0 = Release|Any CPU
	EndGlobalSection
	GlobalSection(SolutionProperties) = preSolution
		HideSolutionNode = FALSE
	EndGlobalSection
	GlobalSection(ExtensibilityGlobals) = postSolution
		SolutionGuid = {6DC745DF-373E-484E-B704-FBE6EECE0759}
	EndGlobalSection
EndGlobal
